
Microsoft Visual Studio Solution File, Format Version 12.00
# Visual Studio Version 17
VisualStudioVersion = 17.14.36301.6 d17.14
MinimumVisualStudioVersion = 10.0.40219.1
Project("{FAE04EC0-301F-11D3-BF4B-00C04F79EFBC}") = "BibliotecaAPI", "BibliotecaAPI.csproj", "{CCF2DB8B-E8F6-4462-8737-37D9DB4B3B8A}"
EndProject
Global
	GlobalSection(SolutionConfigurationPlatforms) = preSolution
		Debug|Any CPU = Debug|Any CPU
		Release|Any CPU = Release|Any CPU
	EndGlobalSection
	GlobalSection(ProjectConfigurationPlatforms) = postSolution
		{CCF2DB8B-E8F6-4462-8737-37D9DB4B3B8A}.Debug|Any CPU.ActiveCfg = Debug|Any CPU
		{CCF2DB8B-E8F6-4462-8737-37D9DB4B3B8A}.Debug|Any CPU.Build.0 = Debug|Any CPU
		{CCF2DB8B-E8F6-4462-8737-37D9DB4B3B8A}.Release|Any CPU.ActiveCfg = Release|Any CPU
		{CCF2DB8B-E8F6-4462-8737-37D9DB4B3B8A}.Release|Any CPU.Build.0 = Release|Any CPU
	EndGlobalSection
	GlobalSection(SolutionProperties) = preSolution
		HideSolutionNode = FALSE
	EndGlobalSection
	GlobalSection(ExtensibilityGlobals) = postSolution
		SolutionGuid = {2B223A15-4A77-4E3D-AD37-45AEF3F18975}
	EndGlobalSection
EndGlobal
